
Microsoft Visual Studio Solution File, Format Version 12.00
# Visual Studio Version 17
VisualStudioVersion = 17.12.35707.178 d17.12
MinimumVisualStudioVersion = 10.0.40219.1
Project("{FAE04EC0-301F-11D3-BF4B-00C04F79EFBC}") = "CourseP3", "CourseP3.csproj", "{BA06D5D3-5FD2-4121-BC1A-AA74215EE8B1}"
EndProject
Global
	GlobalSection(SolutionConfigurationPlatforms) = preSolution
		Debug|Any CPU = Debug|Any CPU
		Release|Any CPU = Release|Any CPU
	EndGlobalSection
	GlobalSection(ProjectConfigurationPlatforms) = postSolution
		{BA06D5D3-5FD2-4121-BC1A-AA74215EE8B1}.Debug|Any CPU.ActiveCfg = Debug|Any CPU
		{BA06D5D3-5FD2-4121-BC1A-AA74215EE8B1}.Debug|Any CPU.Build.0 = Debug|Any CPU
		{BA06D5D3-5FD2-4121-BC1A-AA74215EE8B1}.Release|Any CPU.ActiveCfg = Release|Any CPU
		{BA06D5D3-5FD2-4121-BC1A-AA74215EE8B1}.Release|Any CPU.Build.0 = Release|Any CPU
	EndGlobalSection
	GlobalSection(SolutionProperties) = preSolution
		HideSolutionNode = FALSE
	EndGlobalSection
EndGlobal
